
Microsoft Visual Studio Solution File, Format Version 12.00
# Visual Studio Version 16
VisualStudioVersion = 16.0.29306.81
MinimumVisualStudioVersion = 10.0.40219.1
Project("{FAE04EC0-301F-11D3-BF4B-00C04F79EFBC}") = "FINTER", "FINTER\FINTER.csproj", "{DCFD8D6F-C41F-49E5-B7B3-E829203E91AB}"
EndProject
Global
	GlobalSection(SolutionConfigurationPlatforms) = preSolution
		Debug|Any CPU = Debug|Any CPU
		Release|Any CPU = Release|Any CPU
	EndGlobalSection
	GlobalSection(ProjectConfigurationPlatforms) = postSolution
		{DCFD8D6F-C41F-49E5-B7B3-E829203E91AB}.Debug|Any CPU.ActiveCfg = Debug|Any CPU
		{DCFD8D6F-C41F-49E5-B7B3-E829203E91AB}.Debug|Any CPU.Build.0 = Debug|Any CPU
		{DCFD8D6F-C41F-49E5-B7B3-E829203E91AB}.Release|Any CPU.ActiveCfg = Release|Any CPU
		{DCFD8D6F-C41F-49E5-B7B3-E829203E91AB}.Release|Any CPU.Build.0 = Release|Any CPU
	EndGlobalSection
	GlobalSection(SolutionProperties) = preSolution
		HideSolutionNode = FALSE
	EndGlobalSection
	GlobalSection(ExtensibilityGlobals) = postSolution
		SolutionGuid = {B9406BA6-32C5-4C58-8937-7C1EE4736B9C}
	EndGlobalSection
EndGlobal
